
Microsoft Visual Studio Solution File, Format Version 12.00
# Visual Studio 15
VisualStudioVersion = 15.0.26730.12
MinimumVisualStudioVersion = 10.0.40219.1
Project("{FAE04EC0-301F-11D3-BF4B-00C04F79EFBC}") = "project1", "project1\project1.csproj", "{D6104B41-135E-42BB-9F5E-C2C9884196E9}"
EndProject
Global
	GlobalSection(SolutionConfigurationPlatforms) = preSolution
		Debug|Any CPU = Debug|Any CPU
		Release|Any CPU = Release|Any CPU
	EndGlobalSection
	GlobalSection(ProjectConfigurationPlatforms) = postSolution
		{D6104B41-135E-42BB-9F5E-C2C9884196E9}.Debug|Any CPU.ActiveCfg = Debug|Any CPU
		{D6104B41-135E-42BB-9F5E-C2C9884196E9}.Debug|Any CPU.Build.0 = Debug|Any CPU
		{D6104B41-135E-42BB-9F5E-C2C9884196E9}.Release|Any CPU.ActiveCfg = Release|Any CPU
		{D6104B41-135E-42BB-9F5E-C2C9884196E9}.Release|Any CPU.Build.0 = Release|Any CPU
	EndGlobalSection
	GlobalSection(SolutionProperties) = preSolution
		HideSolutionNode = FALSE
	EndGlobalSection
	GlobalSection(ExtensibilityGlobals) = postSolution
		SolutionGuid = {6B7DA9C3-9E71-49C9-B0BF-F4D4FAF412DB}
	EndGlobalSection
EndGlobal
